
Microsoft Visual Studio Solution File, Format Version 12.00
# Visual Studio 15
VisualStudioVersion = 15.0.26124.0
MinimumVisualStudioVersion = 15.0.26124.0
Project("{FAE04EC0-301F-11D3-BF4B-00C04F79EFBC}") = "HerosUI", "HerosUI\HerosUI.csproj", "{F852E358-046A-4D1F-B3FA-157C26353393}"
EndProject
Project("{FAE04EC0-301F-11D3-BF4B-00C04F79EFBC}") = "HerosLib", "HerosLib\HerosLib.csproj", "{2261CCB4-4DE2-4D48-A476-1CF46AE405BA}"
EndProject
Project("{FAE04EC0-301F-11D3-BF4B-00C04F79EFBC}") = "HerosDB", "HerosDB\HerosDB.csproj", "{8300AF86-4B51-4AD1-A966-571451400595}"
EndProject
Project("{FAE04EC0-301F-11D3-BF4B-00C04F79EFBC}") = "HerosTest", "HerosTest\HerosTest.csproj", "{5DE20883-E136-46EA-954C-3C7295A34B2B}"
EndProject
Global
	GlobalSection(SolutionConfigurationPlatforms) = preSolution
		Debug|Any CPU = Debug|Any CPU
		Debug|x64 = Debug|x64
		Debug|x86 = Debug|x86
		Release|Any CPU = Release|Any CPU
		Release|x64 = Release|x64
		Release|x86 = Release|x86
	EndGlobalSection
	GlobalSection(SolutionProperties) = preSolution
		HideSolutionNode = FALSE
	EndGlobalSection
	GlobalSection(ProjectConfigurationPlatforms) = postSolution
		{F852E358-046A-4D1F-B3FA-157C26353393}.Debug|Any CPU.ActiveCfg = Debug|Any CPU
		{F852E358-046A-4D1F-B3FA-157C26353393}.Debug|Any CPU.Build.0 = Debug|Any CPU
		{F852E358-046A-4D1F-B3FA-157C26353393}.Debug|x64.ActiveCfg = Debug|Any CPU
		{F852E358-046A-4D1F-B3FA-157C26353393}.Debug|x64.Build.0 = Debug|Any CPU
		{F852E358-046A-4D1F-B3FA-157C26353393}.Debug|x86.ActiveCfg = Debug|Any CPU
		{F852E358-046A-4D1F-B3FA-157C26353393}.Debug|x86.Build.0 = Debug|Any CPU
		{F852E358-046A-4D1F-B3FA-157C26353393}.Release|Any CPU.ActiveCfg = Release|Any CPU
		{F852E358-046A-4D1F-B3FA-157C26353393}.Release|Any CPU.Build.0 = Release|Any CPU
		{F852E358-046A-4D1F-B3FA-157C26353393}.Release|x64.ActiveCfg = Release|Any CPU
		{F852E358-046A-4D1F-B3FA-157C26353393}.Release|x64.Build.0 = Release|Any CPU
		{F852E358-046A-4D1F-B3FA-157C26353393}.Release|x86.ActiveCfg = Release|Any CPU
		{F852E358-046A-4D1F-B3FA-157C26353393}.Release|x86.Build.0 = Release|Any CPU
		{2261CCB4-4DE2-4D48-A476-1CF46AE405BA}.Debug|Any CPU.ActiveCfg = Debug|Any CPU
		{2261CCB4-4DE2-4D48-A476-1CF46AE405BA}.Debug|Any CPU.Build.0 = Debug|Any CPU
		{2261CCB4-4DE2-4D48-A476-1CF46AE405BA}.Debug|x64.ActiveCfg = Debug|Any CPU
		{2261CCB4-4DE2-4D48-A476-1CF46AE405BA}.Debug|x64.Build.0 = Debug|Any CPU
		{2261CCB4-4DE2-4D48-A476-1CF46AE405BA}.Debug|x86.ActiveCfg = Debug|Any CPU
		{2261CCB4-4DE2-4D48-A476-1CF46AE405BA}.Debug|x86.Build.0 = Debug|Any CPU
		{2261CCB4-4DE2-4D48-A476-1CF46AE405BA}.Release|Any CPU.ActiveCfg = Release|Any CPU
		{2261CCB4-4DE2-4D48-A476-1CF46AE405BA}.Release|Any CPU.Build.0 = Release|Any CPU
		{2261CCB4-4DE2-4D48-A476-1CF46AE405BA}.Release|x64.ActiveCfg = Release|Any CPU
		{2261CCB4-4DE2-4D48-A476-1CF46AE405BA}.Release|x64.Build.0 = Release|Any CPU
		{2261CCB4-4DE2-4D48-A476-1CF46AE405BA}.Release|x86.ActiveCfg = Release|Any CPU
		{2261CCB4-4DE2-4D48-A476-1CF46AE405BA}.Release|x86.Build.0 = Release|Any CPU
		{8300AF86-4B51-4AD1-A966-571451400595}.Debug|Any CPU.ActiveCfg = Debug|Any CPU
		{8300AF86-4B51-4AD1-A966-571451400595}.Debug|Any CPU.Build.0 = Debug|Any CPU
		{8300AF86-4B51-4AD1-A966-571451400595}.Debug|x64.ActiveCfg = Debug|Any CPU
		{8300AF86-4B51-4AD1-A966-571451400595}.Debug|x64.Build.0 = Debug|Any CPU
		{8300AF86-4B51-4AD1-A966-571451400595}.Debug|x86.ActiveCfg = Debug|Any CPU
		{8300AF86-4B51-4AD1-A966-571451400595}.Debug|x86.Build.0 = Debug|Any CPU
		{8300AF86-4B51-4AD1-A966-571451400595}.Release|Any CPU.ActiveCfg = Release|Any CPU
		{8300AF86-4B51-4AD1-A966-571451400595}.Release|Any CPU.Build.0 = Release|Any CPU
		{8300AF86-4B51-4AD1-A966-571451400595}.Release|x64.ActiveCfg = Release|Any CPU
		{8300AF86-4B51-4AD1-A966-571451400595}.Release|x64.Build.0 = Release|Any CPU
		{8300AF86-4B51-4AD1-A966-571451400595}.Release|x86.ActiveCfg = Release|Any CPU
		{8300AF86-4B51-4AD1-A966-571451400595}.Release|x86.Build.0 = Release|Any CPU
		{5DE20883-E136-46EA-954C-3C7295A34B2B}.Debug|Any CPU.ActiveCfg = Debug|Any CPU
		{5DE20883-E136-46EA-954C-3C7295A34B2B}.Debug|Any CPU.Build.0 = Debug|Any CPU
		{5DE20883-E136-46EA-954C-3C7295A34B2B}.Debug|x64.ActiveCfg = Debug|Any CPU
		{5DE20883-E136-46EA-954C-3C7295A34B2B}.Debug|x64.Build.0 = Debug|Any CPU
		{5DE20883-E136-46EA-954C-3C7295A34B2B}.Debug|x86.ActiveCfg = Debug|Any CPU
		{5DE20883-E136-46EA-954C-3C7295A34B2B}.Debug|x86.Build.0 = Debug|Any CPU
		{5DE20883-E136-46EA-954C-3C7295A34B2B}.Release|Any CPU.ActiveCfg = Release|Any CPU
		{5DE20883-E136-46EA-954C-3C7295A34B2B}.Release|Any CPU.Build.0 = Release|Any CPU
		{5DE20883-E136-46EA-954C-3C7295A34B2B}.Release|x64.ActiveCfg = Release|Any CPU
		{5DE20883-E136-46EA-954C-3C7295A34B2B}.Release|x64.Build.0 = Release|Any CPU
		{5DE20883-E136-46EA-954C-3C7295A34B2B}.Release|x86.ActiveCfg = Release|Any CPU
		{5DE20883-E136-46EA-954C-3C7295A34B2B}.Release|x86.Build.0 = Release|Any CPU
	EndGlobalSection
EndGlobal
